# This file is autogenerated, do not edit; changes may be undone by the next 'dep ensure'.


[[projects]]
  branch = "master"
  name = "github.com/breezymind/go-misc"
  packages = ["."]
  revision = "98feae43f93023fd414842f940952a2a154802aa"

[[projects]]
  branch = "master"
  name = "github.com/breezymind/gq"
  packages = ["."]
  revision = "bb48ce4502a715f73e2f54dcf55afbba68c4314a"

[[projects]]
  name = "github.com/sirupsen/logrus"
  packages = ["."]
  revision = "c155da19408a8799da419ed3eeb0cb5db0ad5dbc"
  version = "v1.0.5"

[[projects]]
  branch = "master"
  name = "golang.org/x/crypto"
  packages = ["ssh/terminal"]
  revision = "1a580b3eff7814fc9b40602fd35256c63b50f491"

[[projects]]
  branch = "master"
  name = "golang.org/x/sys"
  packages = [
    "unix",
    "windows"
  ]
  revision = "88eb85aaee56831ad49eaf7aa80d73de9814cde2"

[solve-meta]
  analyzer-name = "dep"
  analyzer-version = 1
  inputs-digest = "8e6cce366178a593ef2b7ecda235932d0e9a66597c84f1cfed10e55769d8457a"
  solver-name = "gps-cdcl"
  solver-version = 1
